
Microsoft Visual Studio Solution File, Format Version 12.00
# Visual Studio 15
VisualStudioVersion = 15.0.28010.2003
MinimumVisualStudioVersion = 10.0.40219.1
Project("{FAE04EC0-301F-11D3-BF4B-00C04F79EFBC}") = "ATMForm", "ATMForm\ATMForm.csproj", "{11C0A973-7441-4555-B67B-8F81D1AFE8F8}"
EndProject
Global
	GlobalSection(SolutionConfigurationPlatforms) = preSolution
		Debug|Any CPU = Debug|Any CPU
		Release|Any CPU = Release|Any CPU
	EndGlobalSection
	GlobalSection(ProjectConfigurationPlatforms) = postSolution
		{11C0A973-7441-4555-B67B-8F81D1AFE8F8}.Debug|Any CPU.ActiveCfg = Debug|Any CPU
		{11C0A973-7441-4555-B67B-8F81D1AFE8F8}.Debug|Any CPU.Build.0 = Debug|Any CPU
		{11C0A973-7441-4555-B67B-8F81D1AFE8F8}.Release|Any CPU.ActiveCfg = Release|Any CPU
		{11C0A973-7441-4555-B67B-8F81D1AFE8F8}.Release|Any CPU.Build.0 = Release|Any CPU
	EndGlobalSection
	GlobalSection(SolutionProperties) = preSolution
		HideSolutionNode = FALSE
	EndGlobalSection
	GlobalSection(ExtensibilityGlobals) = postSolution
		SolutionGuid = {5D7DA968-779F-459D-94AE-816693C94869}
	EndGlobalSection
EndGlobal
